
Microsoft Visual Studio Solution File, Format Version 12.00
# Visual Studio Version 16
VisualStudioVersion = 16.0.31702.278
MinimumVisualStudioVersion = 10.0.40219.1
Project("{FAE04EC0-301F-11D3-BF4B-00C04F79EFBC}") = "Task2", "Task2\Task2.csproj", "{11B84B5C-AEBF-4540-B716-A90570EC7986}"
EndProject
Global
	GlobalSection(SolutionConfigurationPlatforms) = preSolution
		Debug|Any CPU = Debug|Any CPU
		Release|Any CPU = Release|Any CPU
	EndGlobalSection
	GlobalSection(ProjectConfigurationPlatforms) = postSolution
		{11B84B5C-AEBF-4540-B716-A90570EC7986}.Debug|Any CPU.ActiveCfg = Debug|Any CPU
		{11B84B5C-AEBF-4540-B716-A90570EC7986}.Debug|Any CPU.Build.0 = Debug|Any CPU
		{11B84B5C-AEBF-4540-B716-A90570EC7986}.Release|Any CPU.ActiveCfg = Release|Any CPU
		{11B84B5C-AEBF-4540-B716-A90570EC7986}.Release|Any CPU.Build.0 = Release|Any CPU
	EndGlobalSection
	GlobalSection(SolutionProperties) = preSolution
		HideSolutionNode = FALSE
	EndGlobalSection
	GlobalSection(ExtensibilityGlobals) = postSolution
		SolutionGuid = {3E749538-B4B2-4EAF-AEAD-488FB603FDE3}
	EndGlobalSection
EndGlobal
